{
  "version": 4,
  "terraform_version": "1.3.0",
  "serial": 6,
  "lineage": "ae33c5a5-44ed-2622-fb0d-c20e221cd69b",
  "outputs": {},
  "resources": [
    {
      "mode": "managed",
      "type": "aws_vpc",
      "name": "vpc-tf",
      "provider": "provider[\"registry.terraform.io/hashicorp/aws\"]",
      "instances": [
        {
          "schema_version": 1,
          "attributes": {
            "arn": "arn:aws:ec2:us-east-1:566684712844:vpc/vpc-0770963eedbec671b",
            "assign_generated_ipv6_cidr_block": false,
            "cidr_block": "10.0.0.0/16",
            "default_network_acl_id": "acl-065649ec14b815022",
            "default_route_table_id": "rtb-0ca0ccd47f2fe0fe4",
            "default_security_group_id": "sg-03e2a9aa37d1aef10",
            "dhcp_options_id": "dopt-0485aac8dff193543",
            "enable_classiclink": false,
            "enable_classiclink_dns_support": false,
            "enable_dns_hostnames": false,
            "enable_dns_support": true,
            "enable_network_address_usage_metrics": false,
            "id": "vpc-0770963eedbec671b",
            "instance_tenancy": "default",
            "ipv4_ipam_pool_id": null,
            "ipv4_netmask_length": null,
            "ipv6_association_id": "",
            "ipv6_cidr_block": "",
            "ipv6_cidr_block_network_border_group": "",
            "ipv6_ipam_pool_id": "",
            "ipv6_netmask_length": 0,
            "main_route_table_id": "rtb-0ca0ccd47f2fe0fe4",
            "owner_id": "566684712844",
            "tags": {
              "Name": "vpc-tf"
            },
            "tags_all": {
              "Name": "vpc-tf"
            }
          },
          "sensitive_attributes": [],
          "private": "eyJzY2hlbWFfdmVyc2lvbiI6IjEifQ=="
        }
      ]
    }
  ],
  "check_results": []
}
